
Microsoft Visual Studio Solution File, Format Version 12.00
# Visual Studio Version 17
VisualStudioVersion = 17.8.34330.188
MinimumVisualStudioVersion = 10.0.40219.1
Project("{9A19103F-16F7-4668-BE54-9A1E7A4F7556}") = "RikaRegisterAPI", "RikaRegisterAPI\RikaRegisterAPI.csproj", "{399CFBF8-27DC-4F55-94BE-E6FE0D19CAD9}"
EndProject
Project("{9A19103F-16F7-4668-BE54-9A1E7A4F7556}") = "Data", "Data\Data.csproj", "{FA409273-0B51-46E2-B123-1E22E6A52944}"
EndProject
Project("{FAE04EC0-301F-11D3-BF4B-00C04F79EFBC}") = "Test", "Test\Test.csproj", "{EA7F83EA-D914-4653-8486-5AFDE93F20D3}"
EndProject
Global
	GlobalSection(SolutionConfigurationPlatforms) = preSolution
		Debug|Any CPU = Debug|Any CPU
		Release|Any CPU = Release|Any CPU
	EndGlobalSection
	GlobalSection(ProjectConfigurationPlatforms) = postSolution
		{399CFBF8-27DC-4F55-94BE-E6FE0D19CAD9}.Debug|Any CPU.ActiveCfg = Debug|Any CPU
		{399CFBF8-27DC-4F55-94BE-E6FE0D19CAD9}.Debug|Any CPU.Build.0 = Debug|Any CPU
		{399CFBF8-27DC-4F55-94BE-E6FE0D19CAD9}.Release|Any CPU.ActiveCfg = Release|Any CPU
		{399CFBF8-27DC-4F55-94BE-E6FE0D19CAD9}.Release|Any CPU.Build.0 = Release|Any CPU
		{FA409273-0B51-46E2-B123-1E22E6A52944}.Debug|Any CPU.ActiveCfg = Debug|Any CPU
		{FA409273-0B51-46E2-B123-1E22E6A52944}.Debug|Any CPU.Build.0 = Debug|Any CPU
		{FA409273-0B51-46E2-B123-1E22E6A52944}.Release|Any CPU.ActiveCfg = Release|Any CPU
		{FA409273-0B51-46E2-B123-1E22E6A52944}.Release|Any CPU.Build.0 = Release|Any CPU
		{EA7F83EA-D914-4653-8486-5AFDE93F20D3}.Debug|Any CPU.ActiveCfg = Debug|Any CPU
		{EA7F83EA-D914-4653-8486-5AFDE93F20D3}.Debug|Any CPU.Build.0 = Debug|Any CPU
		{EA7F83EA-D914-4653-8486-5AFDE93F20D3}.Release|Any CPU.ActiveCfg = Release|Any CPU
		{EA7F83EA-D914-4653-8486-5AFDE93F20D3}.Release|Any CPU.Build.0 = Release|Any CPU
	EndGlobalSection
	GlobalSection(SolutionProperties) = preSolution
		HideSolutionNode = FALSE
	EndGlobalSection
	GlobalSection(ExtensibilityGlobals) = postSolution
		SolutionGuid = {5A3C77D7-2246-4328-A225-6AEC7AAEBA17}
	EndGlobalSection
EndGlobal
